{
  "nodes": {
    "flakelight": {
      "inputs": {
        "nixpkgs": "nixpkgs"
      },
      "locked": {
        "lastModified": 1707740958,
        "narHash": "sha256-9WOADiS4hxSxrlFqBCohdhRBVzP7+RZtXYE77A55aZc=",
        "owner": "nix-community",
        "repo": "flakelight",
        "rev": "40af04adb6f953f66198063defa654e98074a2bc",
        "type": "github"
      },
      "original": {
        "owner": "nix-community",
        "repo": "flakelight",
        "type": "github"
      }
    },
    "flakelight-zig": {
      "inputs": {
        "flakelight": "flakelight"
      },
      "locked": {
        "lastModified": 1708063219,
        "narHash": "sha256-o9ugogPhKpYbMm1o8e1eFi5O1IdGE1FPMHi60u07A3M=",
        "owner": "accelbread",
        "repo": "flakelight-zig",
        "rev": "d198b68b4fbc72702c095fa160bf20e532159768",
        "type": "github"
      },
      "original": {
        "owner": "accelbread",
        "repo": "flakelight-zig",
        "type": "github"
      }
    },
    "nixpkgs": {
      "locked": {
        "lastModified": 1707546158,
        "narHash": "sha256-nYYJTpzfPMDxI8mzhQsYjIUX+grorqjKEU9Np6Xwy/0=",
        "owner": "NixOS",
        "repo": "nixpkgs",
        "rev": "d934204a0f8d9198e1e4515dd6fec76a139c87f0",
        "type": "github"
      },
      "original": {
        "id": "nixpkgs",
        "ref": "nixos-unstable",
        "type": "indirect"
      }
    },
    "root": {
      "inputs": {
        "flakelight-zig": "flakelight-zig"
      }
    }
  },
  "root": "root",
  "version": 7
}
