{
  "nodes": {
    "flakelight": {
      "inputs": {
        "nixpkgs": "nixpkgs"
      },
      "locked": {
        "lastModified": 1693169836,
        "narHash": "sha256-WPddd8uMWtn6DaNOrKZj/yH85QiAKFnIwMpoLPf5/8w=",
        "owner": "accelbread",
        "repo": "flakelight",
        "rev": "ba7f68e4e2f6456955686f158206a912609d9134",
        "type": "github"
      },
      "original": {
        "owner": "accelbread",
        "repo": "flakelight",
        "type": "github"
      }
    },
    "flakelight-zig": {
      "inputs": {
        "flakelight": "flakelight_2"
      },
      "locked": {
        "lastModified": 1693169949,
        "narHash": "sha256-StMcGEcoKPSIBKLu29C5of2cK9ZRLFVlSJXaUr7wxxQ=",
        "owner": "accelbread",
        "repo": "flakelight-zig",
        "rev": "2509e84027906898a7e52d477ae938bd15a9bda0",
        "type": "github"
      },
      "original": {
        "owner": "accelbread",
        "repo": "flakelight-zig",
        "type": "github"
      }
    },
    "flakelight_2": {
      "inputs": {
        "nixpkgs": "nixpkgs_2"
      },
      "locked": {
        "lastModified": 1693115879,
        "narHash": "sha256-C4ErW8ic9iBtBFlzlv71OAE+mIXHh55hrP9CBnltsxc=",
        "owner": "accelbread",
        "repo": "flakelight",
        "rev": "981351cfe2fd910fc3513ccfd8ef971cd6802165",
        "type": "github"
      },
      "original": {
        "owner": "accelbread",
        "repo": "flakelight",
        "type": "github"
      }
    },
    "nixpkgs": {
      "locked": {
        "lastModified": 1692447944,
        "narHash": "sha256-fkJGNjEmTPvqBs215EQU4r9ivecV5Qge5cF/QDLVn3U=",
        "owner": "NixOS",
        "repo": "nixpkgs",
        "rev": "d680ded26da5cf104dd2735a51e88d2d8f487b4d",
        "type": "github"
      },
      "original": {
        "id": "nixpkgs",
        "ref": "nixos-unstable",
        "type": "indirect"
      }
    },
    "nixpkgs_2": {
      "locked": {
        "lastModified": 1692447944,
        "narHash": "sha256-fkJGNjEmTPvqBs215EQU4r9ivecV5Qge5cF/QDLVn3U=",
        "owner": "NixOS",
        "repo": "nixpkgs",
        "rev": "d680ded26da5cf104dd2735a51e88d2d8f487b4d",
        "type": "github"
      },
      "original": {
        "id": "nixpkgs",
        "ref": "nixos-unstable",
        "type": "indirect"
      }
    },
    "nixpkgs_3": {
      "locked": {
        "lastModified": 1693003285,
        "narHash": "sha256-5nm4yrEHKupjn62MibENtfqlP6pWcRTuSKrMiH9bLkc=",
        "owner": "NixOS",
        "repo": "nixpkgs",
        "rev": "5690c4271f2998c304a45c91a0aeb8fb69feaea7",
        "type": "github"
      },
      "original": {
        "id": "nixpkgs",
        "ref": "nixos-unstable",
        "type": "indirect"
      }
    },
    "root": {
      "inputs": {
        "flakelight": "flakelight",
        "flakelight-zig": "flakelight-zig",
        "nixpkgs": "nixpkgs_3"
      }
    }
  },
  "root": "root",
  "version": 7
}
