{
  "nodes": {
    "diffz": {
      "flake": false,
      "locked": {
        "narHash": "sha256-9bdX4R/VDdjAn8TDH4T3a783mvbpjdWq2KSNtM9RcnY=",
        "type": "tarball",
        "url": "https://github.com/ziglibs/diffz/archive/b966296b4489eb082b0831ec9a37d6f5e1906040.tar.gz"
      },
      "original": {
        "type": "tarball",
        "url": "https://github.com/ziglibs/diffz/archive/b966296b4489eb082b0831ec9a37d6f5e1906040.tar.gz"
      }
    },
    "flake-compat": {
      "flake": false,
      "locked": {
        "lastModified": 1673956053,
        "narHash": "sha256-4gtG9iQuiKITOjNQQeQIpoIB6b16fm+504Ch3sNKLd8=",
        "owner": "edolstra",
        "repo": "flake-compat",
        "rev": "35bb57c0c8d8b62bbfd284272c928ceb64ddbde9",
        "type": "github"
      },
      "original": {
        "owner": "edolstra",
        "repo": "flake-compat",
        "type": "github"
      }
    },
    "flake-utils": {
      "locked": {
        "lastModified": 1659877975,
        "narHash": "sha256-zllb8aq3YO3h8B/U0/J1WBgAL8EX5yWf5pMj3G0NAmc=",
        "owner": "numtide",
        "repo": "flake-utils",
        "rev": "c0e246b9b83f637f4681389ecabcb2681b4f3af0",
        "type": "github"
      },
      "original": {
        "owner": "numtide",
        "repo": "flake-utils",
        "type": "github"
      }
    },
    "flake-utils_2": {
      "locked": {
        "lastModified": 1676283394,
        "narHash": "sha256-XX2f9c3iySLCw54rJ/CZs+ZK6IQy7GXNY4nSOyu2QG4=",
        "owner": "numtide",
        "repo": "flake-utils",
        "rev": "3db36a8b464d0c4532ba1c7dda728f4576d6d073",
        "type": "github"
      },
      "original": {
        "owner": "numtide",
        "repo": "flake-utils",
        "type": "github"
      }
    },
    "gitignore": {
      "inputs": {
        "nixpkgs": [
          "zls",
          "nixpkgs"
        ]
      },
      "locked": {
        "lastModified": 1660459072,
        "narHash": "sha256-8DFJjXG8zqoONA1vXtgeKXy68KdJL5UaXR8NtVMUbx8=",
        "owner": "hercules-ci",
        "repo": "gitignore.nix",
        "rev": "a20de23b925fd8264fd7fad6454652e142fd7f73",
        "type": "github"
      },
      "original": {
        "owner": "hercules-ci",
        "repo": "gitignore.nix",
        "type": "github"
      }
    },
    "known_folders": {
      "flake": false,
      "locked": {
        "narHash": "sha256-hgzm6HrtusbhmWEq6moKYGf5sWc52UwyHTjAIjr6EEQ=",
        "type": "tarball",
        "url": "https://github.com/ziglibs/known-folders/archive/d13ba6137084e55f873f6afb67447fe8906cc951.tar.gz"
      },
      "original": {
        "type": "tarball",
        "url": "https://github.com/ziglibs/known-folders/archive/d13ba6137084e55f873f6afb67447fe8906cc951.tar.gz"
      }
    },
    "nixpkgs": {
      "locked": {
        "lastModified": 1678230755,
        "narHash": "sha256-SFAXgNjNTXzcAideXcP0takfUGVft/VR5CACmYHg+Fc=",
        "owner": "NixOS",
        "repo": "nixpkgs",
        "rev": "a7cc81913bb3cd1ef05ed0ece048b773e1839e51",
        "type": "github"
      },
      "original": {
        "id": "nixpkgs",
        "ref": "nixos-22.11",
        "type": "indirect"
      }
    },
    "root": {
      "inputs": {
        "nixpkgs": "nixpkgs",
        "zig-overlay": "zig-overlay",
        "zls": "zls"
      }
    },
    "tres": {
      "flake": false,
      "locked": {
        "narHash": "sha256-WFI/nXcxy05kfrl4kLjP0LfwO9xCqjxKg7ZPEKiB6NY=",
        "type": "tarball",
        "url": "https://github.com/ziglibs/tres/archive/707a09313b42e05d6ae22d1590499eece5f968ce.tar.gz"
      },
      "original": {
        "type": "tarball",
        "url": "https://github.com/ziglibs/tres/archive/707a09313b42e05d6ae22d1590499eece5f968ce.tar.gz"
      }
    },
    "zig-overlay": {
      "inputs": {
        "flake-compat": "flake-compat",
        "flake-utils": "flake-utils",
        "nixpkgs": [
          "nixpkgs"
        ]
      },
      "locked": {
        "lastModified": 1678407918,
        "narHash": "sha256-u20WuqMGcvHayorP7MtsredsENfUP6bOOFiFTsCd19E=",
        "owner": "mitchellh",
        "repo": "zig-overlay",
        "rev": "c67a040dd2cef7fd3e14b3445852e54dd288cecb",
        "type": "github"
      },
      "original": {
        "owner": "mitchellh",
        "repo": "zig-overlay",
        "type": "github"
      }
    },
    "zls": {
      "inputs": {
        "diffz": "diffz",
        "flake-utils": "flake-utils_2",
        "gitignore": "gitignore",
        "known_folders": "known_folders",
        "nixpkgs": [
          "nixpkgs"
        ],
        "tres": "tres",
        "zig-overlay": [
          "zig-overlay"
        ]
      },
      "locked": {
        "lastModified": 1678311071,
        "narHash": "sha256-jQKt/cOBj+5siobLlesT58GxInIsDrpQG+6QAJDsPw4=",
        "owner": "zigtools",
        "repo": "zls",
        "rev": "b8eb6aab7f905a7b29edbe2265a65e2b2e79ae31",
        "type": "github"
      },
      "original": {
        "owner": "zigtools",
        "repo": "zls",
        "type": "github"
      }
    }
  },
  "root": "root",
  "version": 7
}
