{
  "nodes": {
    "flakelight": {
      "inputs": {
        "nixpkgs": "nixpkgs"
      },
      "locked": {
        "lastModified": 1693169836,
        "narHash": "sha256-WPddd8uMWtn6DaNOrKZj/yH85QiAKFnIwMpoLPf5/8w=",
        "owner": "accelbread",
        "repo": "flakelight",
        "rev": "ba7f68e4e2f6456955686f158206a912609d9134",
        "type": "github"
      },
      "original": {
        "owner": "accelbread",
        "repo": "flakelight",
        "type": "github"
      }
    },
    "nixpkgs": {
      "locked": {
        "lastModified": 1692447944,
        "narHash": "sha256-fkJGNjEmTPvqBs215EQU4r9ivecV5Qge5cF/QDLVn3U=",
        "owner": "NixOS",
        "repo": "nixpkgs",
        "rev": "d680ded26da5cf104dd2735a51e88d2d8f487b4d",
        "type": "github"
      },
      "original": {
        "id": "nixpkgs",
        "ref": "nixos-unstable",
        "type": "indirect"
      }
    },
    "nixpkgs_2": {
      "locked": {
        "lastModified": 1691899779,
        "narHash": "sha256-IBf4KVr/UQJlzrqB2/IHtlvmwsvyIVLPerSzCPU/6Xk=",
        "path": "/nix/store/h6vj301ddz8gfs48qlw4k2zcif40dssi-source",
        "rev": "100a1550b0e7a64b960c625b656f9229bdef5f87",
        "type": "path"
      },
      "original": {
        "id": "nixpkgs",
        "type": "indirect"
      }
    },
    "root": {
      "inputs": {
        "flakelight": "flakelight",
        "nixpkgs": "nixpkgs_2"
      }
    }
  },
  "root": "root",
  "version": 7
}
