{
  "nodes": {
    "flakelite": {
      "inputs": {
        "nixpkgs": "nixpkgs"
      },
      "locked": {
        "lastModified": 1681614694,
        "narHash": "sha256-Q264+3VAQVakv1RbO7974jXcDagcP5EpFC0A+c632eg=",
        "owner": "accelbread",
        "repo": "flakelite",
        "rev": "9e3bb803c629c48bd561c0fa698979fe2f15445a",
        "type": "github"
      },
      "original": {
        "owner": "accelbread",
        "repo": "flakelite",
        "type": "github"
      }
    },
    "nixpkgs": {
      "locked": {
        "lastModified": 1680665430,
        "narHash": "sha256-MTVhTukwza1Jlq2gECITZPFnhROmylP2uv3O3cSqQCE=",
        "owner": "NixOS",
        "repo": "nixpkgs",
        "rev": "5233fd2ba76a3accb5aaa999c00509a11fd0793c",
        "type": "github"
      },
      "original": {
        "id": "nixpkgs",
        "ref": "nixos-22.11",
        "type": "indirect"
      }
    },
    "root": {
      "inputs": {
        "flakelite": "flakelite"
      }
    }
  },
  "root": "root",
  "version": 7
}
