{
  "nodes": {
    "flakelite": {
      "inputs": {
        "nixpkgs": "nixpkgs"
      },
      "locked": {
        "lastModified": 1681373306,
        "narHash": "sha256-llJCNMyRmPmrD2e4tfLdZ3VGfbryhOG2cY8u/rdQ9uU=",
        "owner": "accelbread",
        "repo": "flakelite",
        "rev": "4ec111408edc0351809eb673f9c3d682ea0eec73",
        "type": "github"
      },
      "original": {
        "owner": "accelbread",
        "repo": "flakelite",
        "type": "github"
      }
    },
    "nixpkgs": {
      "locked": {
        "lastModified": 1680665430,
        "narHash": "sha256-MTVhTukwza1Jlq2gECITZPFnhROmylP2uv3O3cSqQCE=",
        "owner": "NixOS",
        "repo": "nixpkgs",
        "rev": "5233fd2ba76a3accb5aaa999c00509a11fd0793c",
        "type": "github"
      },
      "original": {
        "id": "nixpkgs",
        "ref": "nixos-22.11",
        "type": "indirect"
      }
    },
    "root": {
      "inputs": {
        "flakelite": "flakelite"
      }
    }
  },
  "root": "root",
  "version": 7
}
